
Microsoft Visual Studio Solution File, Format Version 12.00
# Visual Studio Version 17
VisualStudioVersion = 17.9.34714.143
MinimumVisualStudioVersion = 10.0.40219.1
Project("{FAE04EC0-301F-11D3-BF4B-00C04F79EFBC}") = "tests", "tests\tests.csproj", "{9DA98F51-9C13-4837-8AD6-DE1E07CD6189}"
EndProject
Global
	GlobalSection(SolutionConfigurationPlatforms) = preSolution
		Debug|Any CPU = Debug|Any CPU
		Release|Any CPU = Release|Any CPU
	EndGlobalSection
	GlobalSection(ProjectConfigurationPlatforms) = postSolution
		{9DA98F51-9C13-4837-8AD6-DE1E07CD6189}.Debug|Any CPU.ActiveCfg = Debug|Any CPU
		{9DA98F51-9C13-4837-8AD6-DE1E07CD6189}.Debug|Any CPU.Build.0 = Debug|Any CPU
		{9DA98F51-9C13-4837-8AD6-DE1E07CD6189}.Release|Any CPU.ActiveCfg = Release|Any CPU
		{9DA98F51-9C13-4837-8AD6-DE1E07CD6189}.Release|Any CPU.Build.0 = Release|Any CPU
	EndGlobalSection
	GlobalSection(SolutionProperties) = preSolution
		HideSolutionNode = FALSE
	EndGlobalSection
	GlobalSection(ExtensibilityGlobals) = postSolution
		SolutionGuid = {59DC1FE7-A465-485F-8FFA-EF3359063060}
	EndGlobalSection
EndGlobal
